# @generated by Move, please check-in and do not edit manually.

[move]
version = 3
manifest_digest = "1381D7613DF0D1F3FC0F3A81115785BE7F706390DD3E8EFEBE362EDC9AC029A9"
deps_digest = "397E6A9F7A624706DBDFEE056CE88391A15876868FD18A88504DA74EB458D697"
dependencies = [
  { id = "Bridge", name = "Bridge" },
  { id = "MoveStdlib", name = "MoveStdlib" },
  { id = "Sui", name = "Sui" },
  { id = "SuiSystem", name = "SuiSystem" },
  { id = "coin_owner", name = "coin_owner" },
]

[[move.package]]
id = "Bridge"
source = { git = "https://github.com/MystenLabs/sui.git", rev = "fbb68879cbd1", subdir = "crates/sui-framework/packages/bridge" }

dependencies = [
  { id = "MoveStdlib", name = "MoveStdlib" },
  { id = "Sui", name = "Sui" },
  { id = "SuiSystem", name = "SuiSystem" },
]

[[move.package]]
id = "MoveStdlib"
source = { git = "https://github.com/MystenLabs/sui.git", rev = "fbb68879cbd1", subdir = "crates/sui-framework/packages/move-stdlib" }

[[move.package]]
id = "Sui"
source = { git = "https://github.com/MystenLabs/sui.git", rev = "fbb68879cbd1", subdir = "crates/sui-framework/packages/sui-framework" }

dependencies = [
  { id = "MoveStdlib", name = "MoveStdlib" },
]

[[move.package]]
id = "SuiSystem"
source = { git = "https://github.com/MystenLabs/sui.git", rev = "fbb68879cbd1", subdir = "crates/sui-framework/packages/sui-system" }

dependencies = [
  { id = "MoveStdlib", name = "MoveStdlib" },
  { id = "Sui", name = "Sui" },
]

[[move.package]]
id = "coin_owner"
source = { local = "../coin_owner" }

dependencies = [
  { id = "Bridge", name = "Bridge" },
  { id = "MoveStdlib", name = "MoveStdlib" },
  { id = "Sui", name = "Sui" },
  { id = "SuiSystem", name = "SuiSystem" },
]

[move.toolchain-version]
compiler-version = "1.47.0"
edition = "2024.beta"
flavor = "sui"
